github.com/alehano/wsgame v0.0.0-20140518135246-23a644fc015c h1:WcYBQXHfWPEMF04SrhNKmNI6zF/hEdmJDBcdVoh+VF4=
github.com/alehano/wsgame v0.0.0-20140518135246-23a644fc015c/go.mod h1:Rhc/u/2kNbZuYUsLxPDhr+Mu1pqDg07ZffDQ10yvpVQ=
github.com/gorilla/websocket v1.5.1 h1:gmztn0JnHVt9JZquRuzLw3g4wouNVzKL15iLr/zn/QY=
github.com/gorilla/websocket v1.5.1/go.mod h1:x3kM2JMyaluk02fnUJpQuwD2dCS5NDG2ZHL0uE0tcaY=
golang.org/x/net v0.17.0 h1:pVaXccu2ozPjCXewfr1S7xza/zcXTity9cCdXQYSjIM=
golang.org/x/net v0.17.0/go.mod h1:NxSsAGuq816PNPmqtQdLE42eU2Fs7NoRIZrHJAlaCOE=
